
Microsoft Visual Studio Solution File, Format Version 12.00
# Visual Studio Version 17
VisualStudioVersion = 17.4.33103.184
MinimumVisualStudioVersion = 10.0.40219.1
Project("{FAE04EC0-301F-11D3-BF4B-00C04F79EFBC}") = "doandbms", "doandbms\doandbms.csproj", "{3ED393E6-A6DF-4666-BD26-A4E0E10A5BA6}"
EndProject
Global
	GlobalSection(SolutionConfigurationPlatforms) = preSolution
		Debug|Any CPU = Debug|Any CPU
		Release|Any CPU = Release|Any CPU
	EndGlobalSection
	GlobalSection(ProjectConfigurationPlatforms) = postSolution
		{3ED393E6-A6DF-4666-BD26-A4E0E10A5BA6}.Debug|Any CPU.ActiveCfg = Debug|Any CPU
		{3ED393E6-A6DF-4666-BD26-A4E0E10A5BA6}.Debug|Any CPU.Build.0 = Debug|Any CPU
		{3ED393E6-A6DF-4666-BD26-A4E0E10A5BA6}.Release|Any CPU.ActiveCfg = Release|Any CPU
		{3ED393E6-A6DF-4666-BD26-A4E0E10A5BA6}.Release|Any CPU.Build.0 = Release|Any CPU
	EndGlobalSection
	GlobalSection(SolutionProperties) = preSolution
		HideSolutionNode = FALSE
	EndGlobalSection
	GlobalSection(ExtensibilityGlobals) = postSolution
		SolutionGuid = {45561080-CDA2-4442-A150-C156A7ACBE57}
	EndGlobalSection
EndGlobal
